
Microsoft Visual Studio Solution File, Format Version 12.00
# Visual Studio Version 17
VisualStudioVersion = 17.8.34525.116
MinimumVisualStudioVersion = 10.0.40219.1
Project("{FAE04EC0-301F-11D3-BF4B-00C04F79EFBC}") = "hw3_calc", "hw3_calc\hw3_calc.csproj", "{B4FD7380-B043-4547-A333-1495CF1D0D97}"
EndProject
Global
	GlobalSection(SolutionConfigurationPlatforms) = preSolution
		Debug|Any CPU = Debug|Any CPU
		Release|Any CPU = Release|Any CPU
	EndGlobalSection
	GlobalSection(ProjectConfigurationPlatforms) = postSolution
		{B4FD7380-B043-4547-A333-1495CF1D0D97}.Debug|Any CPU.ActiveCfg = Debug|Any CPU
		{B4FD7380-B043-4547-A333-1495CF1D0D97}.Debug|Any CPU.Build.0 = Debug|Any CPU
		{B4FD7380-B043-4547-A333-1495CF1D0D97}.Release|Any CPU.ActiveCfg = Release|Any CPU
		{B4FD7380-B043-4547-A333-1495CF1D0D97}.Release|Any CPU.Build.0 = Release|Any CPU
	EndGlobalSection
	GlobalSection(SolutionProperties) = preSolution
		HideSolutionNode = FALSE
	EndGlobalSection
	GlobalSection(ExtensibilityGlobals) = postSolution
		SolutionGuid = {9347FD0B-C447-43E5-9BE9-24ED52E143BC}
	EndGlobalSection
EndGlobal
