
Microsoft Visual Studio Solution File, Format Version 12.00
# Visual Studio Version 17
VisualStudioVersion = 17.8.34525.116
MinimumVisualStudioVersion = 10.0.40219.1
Project("{FAE04EC0-301F-11D3-BF4B-00C04F79EFBC}") = "hw11_Reflection", "hw11_Reflection\hw11_Reflection.csproj", "{A677D80C-E7D7-4C1F-8F29-E79ED5E957B2}"
EndProject
Global
	GlobalSection(SolutionConfigurationPlatforms) = preSolution
		Debug|Any CPU = Debug|Any CPU
		Release|Any CPU = Release|Any CPU
	EndGlobalSection
	GlobalSection(ProjectConfigurationPlatforms) = postSolution
		{A677D80C-E7D7-4C1F-8F29-E79ED5E957B2}.Debug|Any CPU.ActiveCfg = Debug|Any CPU
		{A677D80C-E7D7-4C1F-8F29-E79ED5E957B2}.Debug|Any CPU.Build.0 = Debug|Any CPU
		{A677D80C-E7D7-4C1F-8F29-E79ED5E957B2}.Release|Any CPU.ActiveCfg = Release|Any CPU
		{A677D80C-E7D7-4C1F-8F29-E79ED5E957B2}.Release|Any CPU.Build.0 = Release|Any CPU
	EndGlobalSection
	GlobalSection(SolutionProperties) = preSolution
		HideSolutionNode = FALSE
	EndGlobalSection
	GlobalSection(ExtensibilityGlobals) = postSolution
		SolutionGuid = {FA91C244-4A43-418B-8A73-6DD2AE28F9D2}
	EndGlobalSection
EndGlobal
