
Microsoft Visual Studio Solution File, Format Version 12.00
# Visual Studio Version 17
VisualStudioVersion = 17.8.34525.116
MinimumVisualStudioVersion = 10.0.40219.1
Project("{FAE04EC0-301F-11D3-BF4B-00C04F79EFBC}") = "VolumeSliderAvalonia", "VolumeSliderAvalonia\VolumeSliderAvalonia.csproj", "{838F358C-E4B1-44D0-ADD9-EE0934955F1A}"
EndProject
Global
	GlobalSection(SolutionConfigurationPlatforms) = preSolution
		Debug|Any CPU = Debug|Any CPU
		Release|Any CPU = Release|Any CPU
	EndGlobalSection
	GlobalSection(ProjectConfigurationPlatforms) = postSolution
		{838F358C-E4B1-44D0-ADD9-EE0934955F1A}.Debug|Any CPU.ActiveCfg = Debug|Any CPU
		{838F358C-E4B1-44D0-ADD9-EE0934955F1A}.Debug|Any CPU.Build.0 = Debug|Any CPU
		{838F358C-E4B1-44D0-ADD9-EE0934955F1A}.Release|Any CPU.ActiveCfg = Release|Any CPU
		{838F358C-E4B1-44D0-ADD9-EE0934955F1A}.Release|Any CPU.Build.0 = Release|Any CPU
	EndGlobalSection
	GlobalSection(SolutionProperties) = preSolution
		HideSolutionNode = FALSE
	EndGlobalSection
	GlobalSection(ExtensibilityGlobals) = postSolution
		SolutionGuid = {89F7B5A5-0ED2-4B89-B25D-EC5831C7E8BA}
	EndGlobalSection
EndGlobal
